
Microsoft Visual Studio Solution File, Format Version 12.00
# Visual Studio Version 17
VisualStudioVersion = 17.7.34003.232
MinimumVisualStudioVersion = 10.0.40219.1
Project("{FAE04EC0-301F-11D3-BF4B-00C04F79EFBC}") = "FolhaDePagamento", "FolhaDePagamento.csproj", "{21CAD577-B9BF-49FC-B3B7-EA2D2628293F}"
EndProject
Global
	GlobalSection(SolutionConfigurationPlatforms) = preSolution
		Debug|Any CPU = Debug|Any CPU
		Release|Any CPU = Release|Any CPU
	EndGlobalSection
	GlobalSection(ProjectConfigurationPlatforms) = postSolution
		{21CAD577-B9BF-49FC-B3B7-EA2D2628293F}.Debug|Any CPU.ActiveCfg = Debug|Any CPU
		{21CAD577-B9BF-49FC-B3B7-EA2D2628293F}.Debug|Any CPU.Build.0 = Debug|Any CPU
		{21CAD577-B9BF-49FC-B3B7-EA2D2628293F}.Release|Any CPU.ActiveCfg = Release|Any CPU
		{21CAD577-B9BF-49FC-B3B7-EA2D2628293F}.Release|Any CPU.Build.0 = Release|Any CPU
	EndGlobalSection
	GlobalSection(SolutionProperties) = preSolution
		HideSolutionNode = FALSE
	EndGlobalSection
	GlobalSection(ExtensibilityGlobals) = postSolution
		SolutionGuid = {EAB6758C-14B3-4F4A-BC0C-3638CAB45FD7}
	EndGlobalSection
EndGlobal
